<Solution>
  <Folder Name="/src/">
    <Project Path="src/Enigma.LicenseManager/Enigma.LicenseManager.csproj" />
    <Project Path="src/Enigma.LicenseManager.Tools/Enigma.LicenseManager.Tools.csproj" />
    <Project Path="src/Enigma.LicenseManager.Cli/Enigma.LicenseManager.Cli.csproj" />
    <Project Path="src/Enigma.LicenseManager.Desktop/Enigma.LicenseManager.Desktop.csproj" />
    <Project Path="src/UnitTests/UnitTests.csproj" />
  </Folder>
</Solution>
