
Microsoft Visual Studio Solution File, Format Version 12.00
Project("{FAE04EC0-301F-11D3-BF4B-00C04F79EFBC}") = "Enigma.LicenseManager", "Enigma.LicenseManager\Enigma.LicenseManager.csproj", "{03A1ACFE-7BA5-462C-BF8F-50FCDA312239}"
EndProject
Project("{FAE04EC0-301F-11D3-BF4B-00C04F79EFBC}") = "ConsoleApp1", "ConsoleApp1\ConsoleApp1.csproj", "{94E7F05C-13FC-46F9-92B2-74855C096811}"
EndProject
Global
	GlobalSection(SolutionConfigurationPlatforms) = preSolution
		Debug|Any CPU = Debug|Any CPU
		Release|Any CPU = Release|Any CPU
	EndGlobalSection
	GlobalSection(ProjectConfigurationPlatforms) = postSolution
		{03A1ACFE-7BA5-462C-BF8F-50FCDA312239}.Debug|Any CPU.ActiveCfg = Debug|Any CPU
		{03A1ACFE-7BA5-462C-BF8F-50FCDA312239}.Debug|Any CPU.Build.0 = Debug|Any CPU
		{03A1ACFE-7BA5-462C-BF8F-50FCDA312239}.Release|Any CPU.ActiveCfg = Release|Any CPU
		{03A1ACFE-7BA5-462C-BF8F-50FCDA312239}.Release|Any CPU.Build.0 = Release|Any CPU
		{94E7F05C-13FC-46F9-92B2-74855C096811}.Debug|Any CPU.ActiveCfg = Debug|Any CPU
		{94E7F05C-13FC-46F9-92B2-74855C096811}.Debug|Any CPU.Build.0 = Debug|Any CPU
		{94E7F05C-13FC-46F9-92B2-74855C096811}.Release|Any CPU.ActiveCfg = Release|Any CPU
		{94E7F05C-13FC-46F9-92B2-74855C096811}.Release|Any CPU.Build.0 = Release|Any CPU
	EndGlobalSection
EndGlobal
